
Microsoft Visual Studio Solution File, Format Version 12.00
# Visual Studio 2013
VisualStudioVersion = 12.0.31101.0
MinimumVisualStudioVersion = 10.0.40219.1
Project("{FAE04EC0-301F-11D3-BF4B-00C04F79EFBC}") = "CraigslistSearchAll", "CraigslistSearchAll\CraigslistSearchAll.csproj", "{4E347FDD-64FD-43A4-8CDB-4DCC67AAE08F}"
EndProject
Project("{FAE04EC0-301F-11D3-BF4B-00C04F79EFBC}") = "CraigslistSearchAll.Tests", "CraigslistSearchAll.Tests\CraigslistSearchAll.Tests.csproj", "{2D7CFF90-FBC5-4A25-9E34-B44708E30843}"
EndProject
Global
	GlobalSection(SolutionConfigurationPlatforms) = preSolution
		Debug|Any CPU = Debug|Any CPU
		Release|Any CPU = Release|Any CPU
	EndGlobalSection
	GlobalSection(ProjectConfigurationPlatforms) = postSolution
		{4E347FDD-64FD-43A4-8CDB-4DCC67AAE08F}.Debug|Any CPU.ActiveCfg = Debug|Any CPU
		{4E347FDD-64FD-43A4-8CDB-4DCC67AAE08F}.Debug|Any CPU.Build.0 = Debug|Any CPU
		{4E347FDD-64FD-43A4-8CDB-4DCC67AAE08F}.Release|Any CPU.ActiveCfg = Release|Any CPU
		{4E347FDD-64FD-43A4-8CDB-4DCC67AAE08F}.Release|Any CPU.Build.0 = Release|Any CPU
		{2D7CFF90-FBC5-4A25-9E34-B44708E30843}.Debug|Any CPU.ActiveCfg = Debug|Any CPU
		{2D7CFF90-FBC5-4A25-9E34-B44708E30843}.Debug|Any CPU.Build.0 = Debug|Any CPU
		{2D7CFF90-FBC5-4A25-9E34-B44708E30843}.Release|Any CPU.ActiveCfg = Release|Any CPU
		{2D7CFF90-FBC5-4A25-9E34-B44708E30843}.Release|Any CPU.Build.0 = Release|Any CPU
	EndGlobalSection
	GlobalSection(SolutionProperties) = preSolution
		HideSolutionNode = FALSE
	EndGlobalSection
EndGlobal
